// !$*UTF8*$!
{
	archiveVersion = 1;
	classes = {
	};
	objectVersion = 46;
	objects = {

/* Begin PBXBuildFile section */
		AE15E1CE1E060DC2007E628E /* OutlawSimd.framework in Frameworks */ = {isa = PBXBuildFile; fileRef = AE15E1C41E060DC2007E628E /* OutlawSimd.framework */; };
		AE15E1D51E060DC2007E628E /* OutlawSimd.h in Headers */ = {isa = PBXBuildFile; fileRef = AE15E1C71E060DC2007E628E /* OutlawSimd.h */; settings = {ATTRIBUTES = (Public, ); }; };
		AE15E20F1E060E2D007E628E /* double2+Outlaw.swift in Sources */ = {isa = PBXBuildFile; fileRef = AE15E1DF1E060E2D007E628E /* double2+Outlaw.swift */; };
		AE15E2101E060E2D007E628E /* double2x2+Outlaw.swift in Sources */ = {isa = PBXBuildFile; fileRef = AE15E1E01E060E2D007E628E /* double2x2+Outlaw.swift */; };
		AE15E2111E060E2D007E628E /* double2x3+Outlaw.swift in Sources */ = {isa = PBXBuildFile; fileRef = AE15E1E11E060E2D007E628E /* double2x3+Outlaw.swift */; };
		AE15E2121E060E2D007E628E /* double2x4+Outlaw.swift in Sources */ = {isa = PBXBuildFile; fileRef = AE15E1E21E060E2D007E628E /* double2x4+Outlaw.swift */; };
		AE15E2131E060E2D007E628E /* double3+Outlaw.swift in Sources */ = {isa = PBXBuildFile; fileRef = AE15E1E31E060E2D007E628E /* double3+Outlaw.swift */; };
		AE15E2141E060E2D007E628E /* double3x2+Outlaw.swift in Sources */ = {isa = PBXBuildFile; fileRef = AE15E1E41E060E2D007E628E /* double3x2+Outlaw.swift */; };
		AE15E2151E060E2D007E628E /* double3x3+Outlaw.swift in Sources */ = {isa = PBXBuildFile; fileRef = AE15E1E51E060E2D007E628E /* double3x3+Outlaw.swift */; };
		AE15E2161E060E2D007E628E /* double3x4+Outlaw.swift in Sources */ = {isa = PBXBuildFile; fileRef = AE15E1E61E060E2D007E628E /* double3x4+Outlaw.swift */; };
		AE15E2171E060E2D007E628E /* double4+Outlaw.swift in Sources */ = {isa = PBXBuildFile; fileRef = AE15E1E71E060E2D007E628E /* double4+Outlaw.swift */; };
		AE15E2181E060E2D007E628E /* double4x2+Outlaw.swift in Sources */ = {isa = PBXBuildFile; fileRef = AE15E1E81E060E2D007E628E /* double4x2+Outlaw.swift */; };
		AE15E2191E060E2D007E628E /* double4x3+Outlaw.swift in Sources */ = {isa = PBXBuildFile; fileRef = AE15E1E91E060E2D007E628E /* double4x3+Outlaw.swift */; };
		AE15E21A1E060E2D007E628E /* double4x4+Outlaw.swift in Sources */ = {isa = PBXBuildFile; fileRef = AE15E1EA1E060E2D007E628E /* double4x4+Outlaw.swift */; };
		AE15E21B1E060E2D007E628E /* float2+Outlaw.swift in Sources */ = {isa = PBXBuildFile; fileRef = AE15E1EB1E060E2D007E628E /* float2+Outlaw.swift */; };
		AE15E21C1E060E2D007E628E /* float2x2+Outlaw.swift in Sources */ = {isa = PBXBuildFile; fileRef = AE15E1EC1E060E2D007E628E /* float2x2+Outlaw.swift */; };
		AE15E21D1E060E2D007E628E /* float2x3+Outlaw.swift in Sources */ = {isa = PBXBuildFile; fileRef = AE15E1ED1E060E2D007E628E /* float2x3+Outlaw.swift */; };
		AE15E21E1E060E2D007E628E /* float2x4+Outlaw.swift in Sources */ = {isa = PBXBuildFile; fileRef = AE15E1EE1E060E2D007E628E /* float2x4+Outlaw.swift */; };
		AE15E21F1E060E2D007E628E /* float3+Outlaw.swift in Sources */ = {isa = PBXBuildFile; fileRef = AE15E1EF1E060E2D007E628E /* float3+Outlaw.swift */; };
		AE15E2201E060E2D007E628E /* float3x2+Outlaw.swift in Sources */ = {isa = PBXBuildFile; fileRef = AE15E1F01E060E2D007E628E /* float3x2+Outlaw.swift */; };
		AE15E2211E060E2D007E628E /* float3x3+Outlaw.swift in Sources */ = {isa = PBXBuildFile; fileRef = AE15E1F11E060E2D007E628E /* float3x3+Outlaw.swift */; };
		AE15E2221E060E2D007E628E /* float3x4+Outlaw.swift in Sources */ = {isa = PBXBuildFile; fileRef = AE15E1F21E060E2D007E628E /* float3x4+Outlaw.swift */; };
		AE15E2231E060E2D007E628E /* float4+Outlaw.swift in Sources */ = {isa = PBXBuildFile; fileRef = AE15E1F31E060E2D007E628E /* float4+Outlaw.swift */; };
		AE15E2241E060E2D007E628E /* float4x2+Outlaw.swift in Sources */ = {isa = PBXBuildFile; fileRef = AE15E1F41E060E2D007E628E /* float4x2+Outlaw.swift */; };
		AE15E2251E060E2D007E628E /* float4x3+Outlaw.swift in Sources */ = {isa = PBXBuildFile; fileRef = AE15E1F51E060E2D007E628E /* float4x3+Outlaw.swift */; };
		AE15E2261E060E2D007E628E /* float4x4+Outlaw.swift in Sources */ = {isa = PBXBuildFile; fileRef = AE15E1F61E060E2D007E628E /* float4x4+Outlaw.swift */; };
		AE15E2271E060E2D007E628E /* int2+Outlaw.swift in Sources */ = {isa = PBXBuildFile; fileRef = AE15E1F71E060E2D007E628E /* int2+Outlaw.swift */; };
		AE15E2281E060E2D007E628E /* int3+Outlaw.swift in Sources */ = {isa = PBXBuildFile; fileRef = AE15E1F81E060E2D007E628E /* int3+Outlaw.swift */; };
		AE15E2291E060E2D007E628E /* int4+Outlaw.swift in Sources */ = {isa = PBXBuildFile; fileRef = AE15E1F91E060E2D007E628E /* int4+Outlaw.swift */; };
		AE15E22A1E060E2D007E628E /* matrix_double2x2+Outlaw.swift in Sources */ = {isa = PBXBuildFile; fileRef = AE15E1FA1E060E2D007E628E /* matrix_double2x2+Outlaw.swift */; };
		AE15E22B1E060E2D007E628E /* matrix_double2x3+Outlaw.swift in Sources */ = {isa = PBXBuildFile; fileRef = AE15E1FB1E060E2D007E628E /* matrix_double2x3+Outlaw.swift */; };
		AE15E22C1E060E2D007E628E /* matrix_double2x4+Outlaw.swift in Sources */ = {isa = PBXBuildFile; fileRef = AE15E1FC1E060E2D007E628E /* matrix_double2x4+Outlaw.swift */; };
		AE15E22D1E060E2D007E628E /* matrix_double3x2+Outlaw.swift in Sources */ = {isa = PBXBuildFile; fileRef = AE15E1FD1E060E2D007E628E /* matrix_double3x2+Outlaw.swift */; };
		AE15E22E1E060E2D007E628E /* matrix_double3x3+Outlaw.swift in Sources */ = {isa = PBXBuildFile; fileRef = AE15E1FE1E060E2D007E628E /* matrix_double3x3+Outlaw.swift */; };
		AE15E22F1E060E2D007E628E /* matrix_double3x4+Outlaw.swift in Sources */ = {isa = PBXBuildFile; fileRef = AE15E1FF1E060E2D007E628E /* matrix_double3x4+Outlaw.swift */; };
		AE15E2301E060E2D007E628E /* matrix_double4x2+Outlaw.swift in Sources */ = {isa = PBXBuildFile; fileRef = AE15E2001E060E2D007E628E /* matrix_double4x2+Outlaw.swift */; };
		AE15E2311E060E2D007E628E /* matrix_double4x3+Outlaw.swift in Sources */ = {isa = PBXBuildFile; fileRef = AE15E2011E060E2D007E628E /* matrix_double4x3+Outlaw.swift */; };
		AE15E2321E060E2D007E628E /* matrix_double4x4+Outlaw.swift in Sources */ = {isa = PBXBuildFile; fileRef = AE15E2021E060E2D007E628E /* matrix_double4x4+Outlaw.swift */; };
		AE15E2331E060E2D007E628E /* matrix_float2x2+Outlaw.swift in Sources */ = {isa = PBXBuildFile; fileRef = AE15E2031E060E2D007E628E /* matrix_float2x2+Outlaw.swift */; };
		AE15E2341E060E2D007E628E /* matrix_float2x3+Outlaw.swift in Sources */ = {isa = PBXBuildFile; fileRef = AE15E2041E060E2D007E628E /* matrix_float2x3+Outlaw.swift */; };
		AE15E2351E060E2D007E628E /* matrix_float2x4+Outlaw.swift in Sources */ = {isa = PBXBuildFile; fileRef = AE15E2051E060E2D007E628E /* matrix_float2x4+Outlaw.swift */; };
		AE15E2361E060E2D007E628E /* matrix_float3x2+Outlaw.swift in Sources */ = {isa = PBXBuildFile; fileRef = AE15E2061E060E2D007E628E /* matrix_float3x2+Outlaw.swift */; };
		AE15E2371E060E2D007E628E /* matrix_float3x3+Outlaw.swift in Sources */ = {isa = PBXBuildFile; fileRef = AE15E2071E060E2D007E628E /* matrix_float3x3+Outlaw.swift */; };
		AE15E2381E060E2D007E628E /* matrix_float3x4+Outlaw.swift in Sources */ = {isa = PBXBuildFile; fileRef = AE15E2081E060E2D007E628E /* matrix_float3x4+Outlaw.swift */; };
		AE15E2391E060E2D007E628E /* matrix_float4x2+Outlaw.swift in Sources */ = {isa = PBXBuildFile; fileRef = AE15E2091E060E2D007E628E /* matrix_float4x2+Outlaw.swift */; };
		AE15E23A1E060E2D007E628E /* matrix_float4x3+Outlaw.swift in Sources */ = {isa = PBXBuildFile; fileRef = AE15E20A1E060E2D007E628E /* matrix_float4x3+Outlaw.swift */; };
		AE15E23B1E060E2D007E628E /* matrix_float4x4+Outlaw.swift in Sources */ = {isa = PBXBuildFile; fileRef = AE15E20B1E060E2D007E628E /* matrix_float4x4+Outlaw.swift */; };
		AE15E23C1E060E2D007E628E /* uint2+Outlaw.swift in Sources */ = {isa = PBXBuildFile; fileRef = AE15E20C1E060E2D007E628E /* uint2+Outlaw.swift */; };
		AE15E23D1E060E2D007E628E /* uint3+Outlaw.swift in Sources */ = {isa = PBXBuildFile; fileRef = AE15E20D1E060E2D007E628E /* uint3+Outlaw.swift */; };
		AE15E23E1E060E2D007E628E /* uint4+Outlaw.swift in Sources */ = {isa = PBXBuildFile; fileRef = AE15E20E1E060E2D007E628E /* uint4+Outlaw.swift */; };
		AE15E2411E060FB3007E628E /* Outlaw.framework in Frameworks */ = {isa = PBXBuildFile; fileRef = AE15E2401E060FB3007E628E /* Outlaw.framework */; };
		AE15E2431E060FE6007E628E /* Outlaw.framework in Frameworks */ = {isa = PBXBuildFile; fileRef = AE15E2421E060FE6007E628E /* Outlaw.framework */; };
		AE15E2451E06179A007E628E /* int2Tests.swift in Sources */ = {isa = PBXBuildFile; fileRef = AE15E2441E06179A007E628E /* int2Tests.swift */; };
		AE89D3E51E0621E3003F5DE4 /* int3Tests.swift in Sources */ = {isa = PBXBuildFile; fileRef = AE89D3E41E0621E3003F5DE4 /* int3Tests.swift */; };
		AE89D3E71E062292003F5DE4 /* int4Tests.swift in Sources */ = {isa = PBXBuildFile; fileRef = AE89D3E61E062292003F5DE4 /* int4Tests.swift */; };
		AE89D3E91E06232B003F5DE4 /* uint2Tests.swift in Sources */ = {isa = PBXBuildFile; fileRef = AE89D3E81E06232B003F5DE4 /* uint2Tests.swift */; };
		AE89D3EB1E062389003F5DE4 /* uint3Tests.swift in Sources */ = {isa = PBXBuildFile; fileRef = AE89D3EA1E062389003F5DE4 /* uint3Tests.swift */; };
		AE89D3ED1E0623DC003F5DE4 /* uint4Tests.swift in Sources */ = {isa = PBXBuildFile; fileRef = AE89D3EC1E0623DC003F5DE4 /* uint4Tests.swift */; };
		AE89D3EF1E062444003F5DE4 /* float2Tests.swift in Sources */ = {isa = PBXBuildFile; fileRef = AE89D3EE1E062444003F5DE4 /* float2Tests.swift */; };
		AE89D3F11E06249A003F5DE4 /* float3Tests.swift in Sources */ = {isa = PBXBuildFile; fileRef = AE89D3F01E06249A003F5DE4 /* float3Tests.swift */; };
		AE89D3F31E0624FB003F5DE4 /* float4Tests.swift in Sources */ = {isa = PBXBuildFile; fileRef = AE89D3F21E0624FB003F5DE4 /* float4Tests.swift */; };
		AE89D3F51E06255F003F5DE4 /* double2Tests.swift in Sources */ = {isa = PBXBuildFile; fileRef = AE89D3F41E06255F003F5DE4 /* double2Tests.swift */; };
		AE89D3F71E0625AC003F5DE4 /* double3Tests.swift in Sources */ = {isa = PBXBuildFile; fileRef = AE89D3F61E0625AC003F5DE4 /* double3Tests.swift */; };
		AE89D3F91E0625F3003F5DE4 /* double4Tests.swift in Sources */ = {isa = PBXBuildFile; fileRef = AE89D3F81E0625F3003F5DE4 /* double4Tests.swift */; };
		AE89D3FB1E06266E003F5DE4 /* matrix_float2x2Tests.swift in Sources */ = {isa = PBXBuildFile; fileRef = AE89D3FA1E06266E003F5DE4 /* matrix_float2x2Tests.swift */; };
		AE89D3FD1E0628F3003F5DE4 /* matrix_float3x2Tests.swift in Sources */ = {isa = PBXBuildFile; fileRef = AE89D3FC1E0628F3003F5DE4 /* matrix_float3x2Tests.swift */; };
		AE89D3FF1E062A18003F5DE4 /* matrix_float4x2Tests.swift in Sources */ = {isa = PBXBuildFile; fileRef = AE89D3FE1E062A18003F5DE4 /* matrix_float4x2Tests.swift */; };
		AE89D4011E062B24003F5DE4 /* matrix_float2x3Tests.swift in Sources */ = {isa = PBXBuildFile; fileRef = AE89D4001E062B24003F5DE4 /* matrix_float2x3Tests.swift */; };
		AE89D4031E062C14003F5DE4 /* matrix_float3x3Tests.swift in Sources */ = {isa = PBXBuildFile; fileRef = AE89D4021E062C14003F5DE4 /* matrix_float3x3Tests.swift */; };
		AE89D4051E062D11003F5DE4 /* matrix_float4x3Tests.swift in Sources */ = {isa = PBXBuildFile; fileRef = AE89D4041E062D11003F5DE4 /* matrix_float4x3Tests.swift */; };
		AE89D4071E062E43003F5DE4 /* matrix_float2x4Tests.swift in Sources */ = {isa = PBXBuildFile; fileRef = AE89D4061E062E43003F5DE4 /* matrix_float2x4Tests.swift */; };
		AE89D4091E062FB0003F5DE4 /* matrix_float3x4Tests.swift in Sources */ = {isa = PBXBuildFile; fileRef = AE89D4081E062FB0003F5DE4 /* matrix_float3x4Tests.swift */; };
		AE89D40B1E063081003F5DE4 /* matrix_float4x4Tests.swift in Sources */ = {isa = PBXBuildFile; fileRef = AE89D40A1E063081003F5DE4 /* matrix_float4x4Tests.swift */; };
		AE89D40D1E0634CC003F5DE4 /* matrix_double2x2Tests.swift in Sources */ = {isa = PBXBuildFile; fileRef = AE89D40C1E0634CC003F5DE4 /* matrix_double2x2Tests.swift */; };
		AE89D40F1E063545003F5DE4 /* matrix_double3x2Tests.swift in Sources */ = {isa = PBXBuildFile; fileRef = AE89D40E1E063545003F5DE4 /* matrix_double3x2Tests.swift */; };
		AE89D4111E0635DA003F5DE4 /* matrix_double4x2Tests.swift in Sources */ = {isa = PBXBuildFile; fileRef = AE89D4101E0635DA003F5DE4 /* matrix_double4x2Tests.swift */; };
		AE89D4131E063685003F5DE4 /* matrix_double2x3Tests.swift in Sources */ = {isa = PBXBuildFile; fileRef = AE89D4121E063685003F5DE4 /* matrix_double2x3Tests.swift */; };
		AE89D4151E0636FA003F5DE4 /* matrix_double3x3Tests.swift in Sources */ = {isa = PBXBuildFile; fileRef = AE89D4141E0636FA003F5DE4 /* matrix_double3x3Tests.swift */; };
		AE89D4171E063767003F5DE4 /* matrix_double4x3Tests.swift in Sources */ = {isa = PBXBuildFile; fileRef = AE89D4161E063767003F5DE4 /* matrix_double4x3Tests.swift */; };
		AE89D4191E0637FC003F5DE4 /* matrix_double2x4Tests.swift in Sources */ = {isa = PBXBuildFile; fileRef = AE89D4181E0637FC003F5DE4 /* matrix_double2x4Tests.swift */; };
		AE89D41B1E063863003F5DE4 /* matrix_double3x4Tests.swift in Sources */ = {isa = PBXBuildFile; fileRef = AE89D41A1E063863003F5DE4 /* matrix_double3x4Tests.swift */; };
		AE89D41D1E0638E1003F5DE4 /* matrix_double4x4Tests.swift in Sources */ = {isa = PBXBuildFile; fileRef = AE89D41C1E0638E1003F5DE4 /* matrix_double4x4Tests.swift */; };
		AE89D41F1E06397C003F5DE4 /* float2x2Tests.swift in Sources */ = {isa = PBXBuildFile; fileRef = AE89D41E1E06397C003F5DE4 /* float2x2Tests.swift */; };
		AE89D4211E063AA9003F5DE4 /* float3x2Tests.swift in Sources */ = {isa = PBXBuildFile; fileRef = AE89D4201E063AA9003F5DE4 /* float3x2Tests.swift */; };
		AE89D4231E063B9A003F5DE4 /* float4x2Tests.swift in Sources */ = {isa = PBXBuildFile; fileRef = AE89D4221E063B9A003F5DE4 /* float4x2Tests.swift */; };
		AE89D4251E063CA8003F5DE4 /* float2x3Tests.swift in Sources */ = {isa = PBXBuildFile; fileRef = AE89D4241E063CA8003F5DE4 /* float2x3Tests.swift */; };
		AE89D4271E063D9D003F5DE4 /* float3x3Tests.swift in Sources */ = {isa = PBXBuildFile; fileRef = AE89D4261E063D9D003F5DE4 /* float3x3Tests.swift */; };
		AE89D4291E063EBF003F5DE4 /* float4x3Tests.swift in Sources */ = {isa = PBXBuildFile; fileRef = AE89D4281E063EBF003F5DE4 /* float4x3Tests.swift */; };
		AE89D42B1E06400D003F5DE4 /* float2x4Tests.swift in Sources */ = {isa = PBXBuildFile; fileRef = AE89D42A1E06400D003F5DE4 /* float2x4Tests.swift */; };
		AE89D42D1E0640DF003F5DE4 /* float3x4Tests.swift in Sources */ = {isa = PBXBuildFile; fileRef = AE89D42C1E0640DF003F5DE4 /* float3x4Tests.swift */; };
		AE89D42F1E0641F3003F5DE4 /* float4x4Tests.swift in Sources */ = {isa = PBXBuildFile; fileRef = AE89D42E1E0641F3003F5DE4 /* float4x4Tests.swift */; };
		AE89D4311E0643AF003F5DE4 /* double2x2Tests.swift in Sources */ = {isa = PBXBuildFile; fileRef = AE89D4301E0643AF003F5DE4 /* double2x2Tests.swift */; };
		AE89D4331E0644D5003F5DE4 /* double3x2Tests.swift in Sources */ = {isa = PBXBuildFile; fileRef = AE89D4321E0644D5003F5DE4 /* double3x2Tests.swift */; };
		AE89D4351E0645D0003F5DE4 /* double4x2Tests.swift in Sources */ = {isa = PBXBuildFile; fileRef = AE89D4341E0645D0003F5DE4 /* double4x2Tests.swift */; };
		AE89D4371E0647F6003F5DE4 /* double2x3Tests.swift in Sources */ = {isa = PBXBuildFile; fileRef = AE89D4361E0647F6003F5DE4 /* double2x3Tests.swift */; };
		AE89D4391E0648A6003F5DE4 /* double3x3Tests.swift in Sources */ = {isa = PBXBuildFile; fileRef = AE89D4381E0648A6003F5DE4 /* double3x3Tests.swift */; };
		AE89D43B1E06498C003F5DE4 /* double4x3Tests.swift in Sources */ = {isa = PBXBuildFile; fileRef = AE89D43A1E06498C003F5DE4 /* double4x3Tests.swift */; };
		AE89D43D1E064B27003F5DE4 /* double2x4Tests.swift in Sources */ = {isa = PBXBuildFile; fileRef = AE89D43C1E064B27003F5DE4 /* double2x4Tests.swift */; };
		AE89D43F1E064C13003F5DE4 /* double3x4Tests.swift in Sources */ = {isa = PBXBuildFile; fileRef = AE89D43E1E064C13003F5DE4 /* double3x4Tests.swift */; };
		AE89D4411E064D52003F5DE4 /* double4x4Tests.swift in Sources */ = {isa = PBXBuildFile; fileRef = AE89D4401E064D52003F5DE4 /* double4x4Tests.swift */; };
/* End PBXBuildFile section */

/* Begin PBXContainerItemProxy section */
		AE15E1CF1E060DC2007E628E /* PBXContainerItemProxy */ = {
			isa = PBXContainerItemProxy;
			containerPortal = AE15E1BB1E060DC2007E628E /* Project object */;
			proxyType = 1;
			remoteGlobalIDString = AE15E1C31E060DC2007E628E;
			remoteInfo = OutlawSimd;
		};
/* End PBXContainerItemProxy section */

/* Begin PBXFileReference section */
		AE15E1C41E060DC2007E628E /* OutlawSimd.framework */ = {isa = PBXFileReference; explicitFileType = wrapper.framework; includeInIndex = 0; path = OutlawSimd.framework; sourceTree = BUILT_PRODUCTS_DIR; };
		AE15E1C71E060DC2007E628E /* OutlawSimd.h */ = {isa = PBXFileReference; lastKnownFileType = sourcecode.c.h; path = OutlawSimd.h; sourceTree = "<group>"; };
		AE15E1C81E060DC2007E628E /* Info.plist */ = {isa = PBXFileReference; lastKnownFileType = text.plist.xml; path = Info.plist; sourceTree = "<group>"; };
		AE15E1CD1E060DC2007E628E /* OutlawSimdTests.xctest */ = {isa = PBXFileReference; explicitFileType = wrapper.cfbundle; includeInIndex = 0; path = OutlawSimdTests.xctest; sourceTree = BUILT_PRODUCTS_DIR; };
		AE15E1D41E060DC2007E628E /* Info.plist */ = {isa = PBXFileReference; lastKnownFileType = text.plist.xml; path = Info.plist; sourceTree = "<group>"; };
		AE15E1DF1E060E2D007E628E /* double2+Outlaw.swift */ = {isa = PBXFileReference; fileEncoding = 4; lastKnownFileType = sourcecode.swift; path = "double2+Outlaw.swift"; sourceTree = "<group>"; };
		AE15E1E01E060E2D007E628E /* double2x2+Outlaw.swift */ = {isa = PBXFileReference; fileEncoding = 4; lastKnownFileType = sourcecode.swift; path = "double2x2+Outlaw.swift"; sourceTree = "<group>"; };
		AE15E1E11E060E2D007E628E /* double2x3+Outlaw.swift */ = {isa = PBXFileReference; fileEncoding = 4; lastKnownFileType = sourcecode.swift; path = "double2x3+Outlaw.swift"; sourceTree = "<group>"; };
		AE15E1E21E060E2D007E628E /* double2x4+Outlaw.swift */ = {isa = PBXFileReference; fileEncoding = 4; lastKnownFileType = sourcecode.swift; path = "double2x4+Outlaw.swift"; sourceTree = "<group>"; };
		AE15E1E31E060E2D007E628E /* double3+Outlaw.swift */ = {isa = PBXFileReference; fileEncoding = 4; lastKnownFileType = sourcecode.swift; path = "double3+Outlaw.swift"; sourceTree = "<group>"; };
		AE15E1E41E060E2D007E628E /* double3x2+Outlaw.swift */ = {isa = PBXFileReference; fileEncoding = 4; lastKnownFileType = sourcecode.swift; path = "double3x2+Outlaw.swift"; sourceTree = "<group>"; };
		AE15E1E51E060E2D007E628E /* double3x3+Outlaw.swift */ = {isa = PBXFileReference; fileEncoding = 4; lastKnownFileType = sourcecode.swift; path = "double3x3+Outlaw.swift"; sourceTree = "<group>"; };
		AE15E1E61E060E2D007E628E /* double3x4+Outlaw.swift */ = {isa = PBXFileReference; fileEncoding = 4; lastKnownFileType = sourcecode.swift; path = "double3x4+Outlaw.swift"; sourceTree = "<group>"; };
		AE15E1E71E060E2D007E628E /* double4+Outlaw.swift */ = {isa = PBXFileReference; fileEncoding = 4; lastKnownFileType = sourcecode.swift; path = "double4+Outlaw.swift"; sourceTree = "<group>"; };
		AE15E1E81E060E2D007E628E /* double4x2+Outlaw.swift */ = {isa = PBXFileReference; fileEncoding = 4; lastKnownFileType = sourcecode.swift; path = "double4x2+Outlaw.swift"; sourceTree = "<group>"; };
		AE15E1E91E060E2D007E628E /* double4x3+Outlaw.swift */ = {isa = PBXFileReference; fileEncoding = 4; lastKnownFileType = sourcecode.swift; path = "double4x3+Outlaw.swift"; sourceTree = "<group>"; };
		AE15E1EA1E060E2D007E628E /* double4x4+Outlaw.swift */ = {isa = PBXFileReference; fileEncoding = 4; lastKnownFileType = sourcecode.swift; path = "double4x4+Outlaw.swift"; sourceTree = "<group>"; };
		AE15E1EB1E060E2D007E628E /* float2+Outlaw.swift */ = {isa = PBXFileReference; fileEncoding = 4; lastKnownFileType = sourcecode.swift; path = "float2+Outlaw.swift"; sourceTree = "<group>"; };
		AE15E1EC1E060E2D007E628E /* float2x2+Outlaw.swift */ = {isa = PBXFileReference; fileEncoding = 4; lastKnownFileType = sourcecode.swift; path = "float2x2+Outlaw.swift"; sourceTree = "<group>"; };
		AE15E1ED1E060E2D007E628E /* float2x3+Outlaw.swift */ = {isa = PBXFileReference; fileEncoding = 4; lastKnownFileType = sourcecode.swift; path = "float2x3+Outlaw.swift"; sourceTree = "<group>"; };
		AE15E1EE1E060E2D007E628E /* float2x4+Outlaw.swift */ = {isa = PBXFileReference; fileEncoding = 4; lastKnownFileType = sourcecode.swift; path = "float2x4+Outlaw.swift"; sourceTree = "<group>"; };
		AE15E1EF1E060E2D007E628E /* float3+Outlaw.swift */ = {isa = PBXFileReference; fileEncoding = 4; lastKnownFileType = sourcecode.swift; path = "float3+Outlaw.swift"; sourceTree = "<group>"; };
		AE15E1F01E060E2D007E628E /* float3x2+Outlaw.swift */ = {isa = PBXFileReference; fileEncoding = 4; lastKnownFileType = sourcecode.swift; path = "float3x2+Outlaw.swift"; sourceTree = "<group>"; };
		AE15E1F11E060E2D007E628E /* float3x3+Outlaw.swift */ = {isa = PBXFileReference; fileEncoding = 4; lastKnownFileType = sourcecode.swift; path = "float3x3+Outlaw.swift"; sourceTree = "<group>"; };
		AE15E1F21E060E2D007E628E /* float3x4+Outlaw.swift */ = {isa = PBXFileReference; fileEncoding = 4; lastKnownFileType = sourcecode.swift; path = "float3x4+Outlaw.swift"; sourceTree = "<group>"; };
		AE15E1F31E060E2D007E628E /* float4+Outlaw.swift */ = {isa = PBXFileReference; fileEncoding = 4; lastKnownFileType = sourcecode.swift; path = "float4+Outlaw.swift"; sourceTree = "<group>"; };
		AE15E1F41E060E2D007E628E /* float4x2+Outlaw.swift */ = {isa = PBXFileReference; fileEncoding = 4; lastKnownFileType = sourcecode.swift; path = "float4x2+Outlaw.swift"; sourceTree = "<group>"; };
		AE15E1F51E060E2D007E628E /* float4x3+Outlaw.swift */ = {isa = PBXFileReference; fileEncoding = 4; lastKnownFileType = sourcecode.swift; path = "float4x3+Outlaw.swift"; sourceTree = "<group>"; };
		AE15E1F61E060E2D007E628E /* float4x4+Outlaw.swift */ = {isa = PBXFileReference; fileEncoding = 4; lastKnownFileType = sourcecode.swift; path = "float4x4+Outlaw.swift"; sourceTree = "<group>"; };
		AE15E1F71E060E2D007E628E /* int2+Outlaw.swift */ = {isa = PBXFileReference; fileEncoding = 4; lastKnownFileType = sourcecode.swift; path = "int2+Outlaw.swift"; sourceTree = "<group>"; };
		AE15E1F81E060E2D007E628E /* int3+Outlaw.swift */ = {isa = PBXFileReference; fileEncoding = 4; lastKnownFileType = sourcecode.swift; path = "int3+Outlaw.swift"; sourceTree = "<group>"; };
		AE15E1F91E060E2D007E628E /* int4+Outlaw.swift */ = {isa = PBXFileReference; fileEncoding = 4; lastKnownFileType = sourcecode.swift; path = "int4+Outlaw.swift"; sourceTree = "<group>"; };
		AE15E1FA1E060E2D007E628E /* matrix_double2x2+Outlaw.swift */ = {isa = PBXFileReference; fileEncoding = 4; lastKnownFileType = sourcecode.swift; path = "matrix_double2x2+Outlaw.swift"; sourceTree = "<group>"; };
		AE15E1FB1E060E2D007E628E /* matrix_double2x3+Outlaw.swift */ = {isa = PBXFileReference; fileEncoding = 4; lastKnownFileType = sourcecode.swift; path = "matrix_double2x3+Outlaw.swift"; sourceTree = "<group>"; };
		AE15E1FC1E060E2D007E628E /* matrix_double2x4+Outlaw.swift */ = {isa = PBXFileReference; fileEncoding = 4; lastKnownFileType = sourcecode.swift; path = "matrix_double2x4+Outlaw.swift"; sourceTree = "<group>"; };
		AE15E1FD1E060E2D007E628E /* matrix_double3x2+Outlaw.swift */ = {isa = PBXFileReference; fileEncoding = 4; lastKnownFileType = sourcecode.swift; path = "matrix_double3x2+Outlaw.swift"; sourceTree = "<group>"; };
		AE15E1FE1E060E2D007E628E /* matrix_double3x3+Outlaw.swift */ = {isa = PBXFileReference; fileEncoding = 4; lastKnownFileType = sourcecode.swift; path = "matrix_double3x3+Outlaw.swift"; sourceTree = "<group>"; };
		AE15E1FF1E060E2D007E628E /* matrix_double3x4+Outlaw.swift */ = {isa = PBXFileReference; fileEncoding = 4; lastKnownFileType = sourcecode.swift; path = "matrix_double3x4+Outlaw.swift"; sourceTree = "<group>"; };
		AE15E2001E060E2D007E628E /* matrix_double4x2+Outlaw.swift */ = {isa = PBXFileReference; fileEncoding = 4; lastKnownFileType = sourcecode.swift; path = "matrix_double4x2+Outlaw.swift"; sourceTree = "<group>"; };
		AE15E2011E060E2D007E628E /* matrix_double4x3+Outlaw.swift */ = {isa = PBXFileReference; fileEncoding = 4; lastKnownFileType = sourcecode.swift; path = "matrix_double4x3+Outlaw.swift"; sourceTree = "<group>"; };
		AE15E2021E060E2D007E628E /* matrix_double4x4+Outlaw.swift */ = {isa = PBXFileReference; fileEncoding = 4; lastKnownFileType = sourcecode.swift; path = "matrix_double4x4+Outlaw.swift"; sourceTree = "<group>"; };
		AE15E2031E060E2D007E628E /* matrix_float2x2+Outlaw.swift */ = {isa = PBXFileReference; fileEncoding = 4; lastKnownFileType = sourcecode.swift; path = "matrix_float2x2+Outlaw.swift"; sourceTree = "<group>"; };
		AE15E2041E060E2D007E628E /* matrix_float2x3+Outlaw.swift */ = {isa = PBXFileReference; fileEncoding = 4; lastKnownFileType = sourcecode.swift; path = "matrix_float2x3+Outlaw.swift"; sourceTree = "<group>"; };
		AE15E2051E060E2D007E628E /* matrix_float2x4+Outlaw.swift */ = {isa = PBXFileReference; fileEncoding = 4; lastKnownFileType = sourcecode.swift; path = "matrix_float2x4+Outlaw.swift"; sourceTree = "<group>"; };
		AE15E2061E060E2D007E628E /* matrix_float3x2+Outlaw.swift */ = {isa = PBXFileReference; fileEncoding = 4; lastKnownFileType = sourcecode.swift; path = "matrix_float3x2+Outlaw.swift"; sourceTree = "<group>"; };
		AE15E2071E060E2D007E628E /* matrix_float3x3+Outlaw.swift */ = {isa = PBXFileReference; fileEncoding = 4; lastKnownFileType = sourcecode.swift; path = "matrix_float3x3+Outlaw.swift"; sourceTree = "<group>"; };
		AE15E2081E060E2D007E628E /* matrix_float3x4+Outlaw.swift */ = {isa = PBXFileReference; fileEncoding = 4; lastKnownFileType = sourcecode.swift; path = "matrix_float3x4+Outlaw.swift"; sourceTree = "<group>"; };
		AE15E2091E060E2D007E628E /* matrix_float4x2+Outlaw.swift */ = {isa = PBXFileReference; fileEncoding = 4; lastKnownFileType = sourcecode.swift; path = "matrix_float4x2+Outlaw.swift"; sourceTree = "<group>"; };
		AE15E20A1E060E2D007E628E /* matrix_float4x3+Outlaw.swift */ = {isa = PBXFileReference; fileEncoding = 4; lastKnownFileType = sourcecode.swift; path = "matrix_float4x3+Outlaw.swift"; sourceTree = "<group>"; };
		AE15E20B1E060E2D007E628E /* matrix_float4x4+Outlaw.swift */ = {isa = PBXFileReference; fileEncoding = 4; lastKnownFileType = sourcecode.swift; path = "matrix_float4x4+Outlaw.swift"; sourceTree = "<group>"; };
		AE15E20C1E060E2D007E628E /* uint2+Outlaw.swift */ = {isa = PBXFileReference; fileEncoding = 4; lastKnownFileType = sourcecode.swift; path = "uint2+Outlaw.swift"; sourceTree = "<group>"; };
		AE15E20D1E060E2D007E628E /* uint3+Outlaw.swift */ = {isa = PBXFileReference; fileEncoding = 4; lastKnownFileType = sourcecode.swift; path = "uint3+Outlaw.swift"; sourceTree = "<group>"; };
		AE15E20E1E060E2D007E628E /* uint4+Outlaw.swift */ = {isa = PBXFileReference; fileEncoding = 4; lastKnownFileType = sourcecode.swift; path = "uint4+Outlaw.swift"; sourceTree = "<group>"; };
		AE15E2401E060FB3007E628E /* Outlaw.framework */ = {isa = PBXFileReference; lastKnownFileType = wrapper.framework; path = Outlaw.framework; sourceTree = BUILT_PRODUCTS_DIR; };
		AE15E2421E060FE6007E628E /* Outlaw.framework */ = {isa = PBXFileReference; lastKnownFileType = wrapper.framework; path = Outlaw.framework; sourceTree = BUILT_PRODUCTS_DIR; };
		AE15E2441E06179A007E628E /* int2Tests.swift */ = {isa = PBXFileReference; fileEncoding = 4; lastKnownFileType = sourcecode.swift; path = int2Tests.swift; sourceTree = "<group>"; };
		AE89D3E41E0621E3003F5DE4 /* int3Tests.swift */ = {isa = PBXFileReference; fileEncoding = 4; lastKnownFileType = sourcecode.swift; path = int3Tests.swift; sourceTree = "<group>"; };
		AE89D3E61E062292003F5DE4 /* int4Tests.swift */ = {isa = PBXFileReference; fileEncoding = 4; lastKnownFileType = sourcecode.swift; path = int4Tests.swift; sourceTree = "<group>"; };
		AE89D3E81E06232B003F5DE4 /* uint2Tests.swift */ = {isa = PBXFileReference; fileEncoding = 4; lastKnownFileType = sourcecode.swift; path = uint2Tests.swift; sourceTree = "<group>"; };
		AE89D3EA1E062389003F5DE4 /* uint3Tests.swift */ = {isa = PBXFileReference; fileEncoding = 4; lastKnownFileType = sourcecode.swift; path = uint3Tests.swift; sourceTree = "<group>"; };
		AE89D3EC1E0623DC003F5DE4 /* uint4Tests.swift */ = {isa = PBXFileReference; fileEncoding = 4; lastKnownFileType = sourcecode.swift; path = uint4Tests.swift; sourceTree = "<group>"; };
		AE89D3EE1E062444003F5DE4 /* float2Tests.swift */ = {isa = PBXFileReference; fileEncoding = 4; lastKnownFileType = sourcecode.swift; path = float2Tests.swift; sourceTree = "<group>"; };
		AE89D3F01E06249A003F5DE4 /* float3Tests.swift */ = {isa = PBXFileReference; fileEncoding = 4; lastKnownFileType = sourcecode.swift; path = float3Tests.swift; sourceTree = "<group>"; };
		AE89D3F21E0624FB003F5DE4 /* float4Tests.swift */ = {isa = PBXFileReference; fileEncoding = 4; lastKnownFileType = sourcecode.swift; path = float4Tests.swift; sourceTree = "<group>"; };
		AE89D3F41E06255F003F5DE4 /* double2Tests.swift */ = {isa = PBXFileReference; fileEncoding = 4; lastKnownFileType = sourcecode.swift; path = double2Tests.swift; sourceTree = "<group>"; };
		AE89D3F61E0625AC003F5DE4 /* double3Tests.swift */ = {isa = PBXFileReference; fileEncoding = 4; lastKnownFileType = sourcecode.swift; path = double3Tests.swift; sourceTree = "<group>"; };
		AE89D3F81E0625F3003F5DE4 /* double4Tests.swift */ = {isa = PBXFileReference; fileEncoding = 4; lastKnownFileType = sourcecode.swift; path = double4Tests.swift; sourceTree = "<group>"; };
		AE89D3FA1E06266E003F5DE4 /* matrix_float2x2Tests.swift */ = {isa = PBXFileReference; fileEncoding = 4; lastKnownFileType = sourcecode.swift; path = matrix_float2x2Tests.swift; sourceTree = "<group>"; };
		AE89D3FC1E0628F3003F5DE4 /* matrix_float3x2Tests.swift */ = {isa = PBXFileReference; fileEncoding = 4; lastKnownFileType = sourcecode.swift; path = matrix_float3x2Tests.swift; sourceTree = "<group>"; };
		AE89D3FE1E062A18003F5DE4 /* matrix_float4x2Tests.swift */ = {isa = PBXFileReference; fileEncoding = 4; lastKnownFileType = sourcecode.swift; path = matrix_float4x2Tests.swift; sourceTree = "<group>"; };
		AE89D4001E062B24003F5DE4 /* matrix_float2x3Tests.swift */ = {isa = PBXFileReference; fileEncoding = 4; lastKnownFileType = sourcecode.swift; path = matrix_float2x3Tests.swift; sourceTree = "<group>"; };
		AE89D4021E062C14003F5DE4 /* matrix_float3x3Tests.swift */ = {isa = PBXFileReference; fileEncoding = 4; lastKnownFileType = sourcecode.swift; path = matrix_float3x3Tests.swift; sourceTree = "<group>"; };
		AE89D4041E062D11003F5DE4 /* matrix_float4x3Tests.swift */ = {isa = PBXFileReference; fileEncoding = 4; lastKnownFileType = sourcecode.swift; path = matrix_float4x3Tests.swift; sourceTree = "<group>"; };
		AE89D4061E062E43003F5DE4 /* matrix_float2x4Tests.swift */ = {isa = PBXFileReference; fileEncoding = 4; lastKnownFileType = sourcecode.swift; path = matrix_float2x4Tests.swift; sourceTree = "<group>"; };
		AE89D4081E062FB0003F5DE4 /* matrix_float3x4Tests.swift */ = {isa = PBXFileReference; fileEncoding = 4; lastKnownFileType = sourcecode.swift; path = matrix_float3x4Tests.swift; sourceTree = "<group>"; };
		AE89D40A1E063081003F5DE4 /* matrix_float4x4Tests.swift */ = {isa = PBXFileReference; fileEncoding = 4; lastKnownFileType = sourcecode.swift; path = matrix_float4x4Tests.swift; sourceTree = "<group>"; };
		AE89D40C1E0634CC003F5DE4 /* matrix_double2x2Tests.swift */ = {isa = PBXFileReference; fileEncoding = 4; lastKnownFileType = sourcecode.swift; path = matrix_double2x2Tests.swift; sourceTree = "<group>"; };
		AE89D40E1E063545003F5DE4 /* matrix_double3x2Tests.swift */ = {isa = PBXFileReference; fileEncoding = 4; lastKnownFileType = sourcecode.swift; path = matrix_double3x2Tests.swift; sourceTree = "<group>"; };
		AE89D4101E0635DA003F5DE4 /* matrix_double4x2Tests.swift */ = {isa = PBXFileReference; fileEncoding = 4; lastKnownFileType = sourcecode.swift; path = matrix_double4x2Tests.swift; sourceTree = "<group>"; };
		AE89D4121E063685003F5DE4 /* matrix_double2x3Tests.swift */ = {isa = PBXFileReference; fileEncoding = 4; lastKnownFileType = sourcecode.swift; path = matrix_double2x3Tests.swift; sourceTree = "<group>"; };
		AE89D4141E0636FA003F5DE4 /* matrix_double3x3Tests.swift */ = {isa = PBXFileReference; fileEncoding = 4; lastKnownFileType = sourcecode.swift; path = matrix_double3x3Tests.swift; sourceTree = "<group>"; };
		AE89D4161E063767003F5DE4 /* matrix_double4x3Tests.swift */ = {isa = PBXFileReference; fileEncoding = 4; lastKnownFileType = sourcecode.swift; path = matrix_double4x3Tests.swift; sourceTree = "<group>"; };
		AE89D4181E0637FC003F5DE4 /* matrix_double2x4Tests.swift */ = {isa = PBXFileReference; fileEncoding = 4; lastKnownFileType = sourcecode.swift; path = matrix_double2x4Tests.swift; sourceTree = "<group>"; };
		AE89D41A1E063863003F5DE4 /* matrix_double3x4Tests.swift */ = {isa = PBXFileReference; fileEncoding = 4; lastKnownFileType = sourcecode.swift; path = matrix_double3x4Tests.swift; sourceTree = "<group>"; };
		AE89D41C1E0638E1003F5DE4 /* matrix_double4x4Tests.swift */ = {isa = PBXFileReference; fileEncoding = 4; lastKnownFileType = sourcecode.swift; path = matrix_double4x4Tests.swift; sourceTree = "<group>"; };
		AE89D41E1E06397C003F5DE4 /* float2x2Tests.swift */ = {isa = PBXFileReference; fileEncoding = 4; lastKnownFileType = sourcecode.swift; path = float2x2Tests.swift; sourceTree = "<group>"; };
		AE89D4201E063AA9003F5DE4 /* float3x2Tests.swift */ = {isa = PBXFileReference; fileEncoding = 4; lastKnownFileType = sourcecode.swift; path = float3x2Tests.swift; sourceTree = "<group>"; };
		AE89D4221E063B9A003F5DE4 /* float4x2Tests.swift */ = {isa = PBXFileReference; fileEncoding = 4; lastKnownFileType = sourcecode.swift; path = float4x2Tests.swift; sourceTree = "<group>"; };
		AE89D4241E063CA8003F5DE4 /* float2x3Tests.swift */ = {isa = PBXFileReference; fileEncoding = 4; lastKnownFileType = sourcecode.swift; path = float2x3Tests.swift; sourceTree = "<group>"; };
		AE89D4261E063D9D003F5DE4 /* float3x3Tests.swift */ = {isa = PBXFileReference; fileEncoding = 4; lastKnownFileType = sourcecode.swift; path = float3x3Tests.swift; sourceTree = "<group>"; };
		AE89D4281E063EBF003F5DE4 /* float4x3Tests.swift */ = {isa = PBXFileReference; fileEncoding = 4; lastKnownFileType = sourcecode.swift; path = float4x3Tests.swift; sourceTree = "<group>"; };
		AE89D42A1E06400D003F5DE4 /* float2x4Tests.swift */ = {isa = PBXFileReference; fileEncoding = 4; lastKnownFileType = sourcecode.swift; path = float2x4Tests.swift; sourceTree = "<group>"; };
		AE89D42C1E0640DF003F5DE4 /* float3x4Tests.swift */ = {isa = PBXFileReference; fileEncoding = 4; lastKnownFileType = sourcecode.swift; path = float3x4Tests.swift; sourceTree = "<group>"; };
		AE89D42E1E0641F3003F5DE4 /* float4x4Tests.swift */ = {isa = PBXFileReference; fileEncoding = 4; lastKnownFileType = sourcecode.swift; path = float4x4Tests.swift; sourceTree = "<group>"; };
		AE89D4301E0643AF003F5DE4 /* double2x2Tests.swift */ = {isa = PBXFileReference; fileEncoding = 4; lastKnownFileType = sourcecode.swift; path = double2x2Tests.swift; sourceTree = "<group>"; };
		AE89D4321E0644D5003F5DE4 /* double3x2Tests.swift */ = {isa = PBXFileReference; fileEncoding = 4; lastKnownFileType = sourcecode.swift; path = double3x2Tests.swift; sourceTree = "<group>"; };
		AE89D4341E0645D0003F5DE4 /* double4x2Tests.swift */ = {isa = PBXFileReference; fileEncoding = 4; lastKnownFileType = sourcecode.swift; path = double4x2Tests.swift; sourceTree = "<group>"; };
		AE89D4361E0647F6003F5DE4 /* double2x3Tests.swift */ = {isa = PBXFileReference; fileEncoding = 4; lastKnownFileType = sourcecode.swift; path = double2x3Tests.swift; sourceTree = "<group>"; };
		AE89D4381E0648A6003F5DE4 /* double3x3Tests.swift */ = {isa = PBXFileReference; fileEncoding = 4; lastKnownFileType = sourcecode.swift; path = double3x3Tests.swift; sourceTree = "<group>"; };
		AE89D43A1E06498C003F5DE4 /* double4x3Tests.swift */ = {isa = PBXFileReference; fileEncoding = 4; lastKnownFileType = sourcecode.swift; path = double4x3Tests.swift; sourceTree = "<group>"; };
		AE89D43C1E064B27003F5DE4 /* double2x4Tests.swift */ = {isa = PBXFileReference; fileEncoding = 4; lastKnownFileType = sourcecode.swift; path = double2x4Tests.swift; sourceTree = "<group>"; };
		AE89D43E1E064C13003F5DE4 /* double3x4Tests.swift */ = {isa = PBXFileReference; fileEncoding = 4; lastKnownFileType = sourcecode.swift; path = double3x4Tests.swift; sourceTree = "<group>"; };
		AE89D4401E064D52003F5DE4 /* double4x4Tests.swift */ = {isa = PBXFileReference; fileEncoding = 4; lastKnownFileType = sourcecode.swift; path = double4x4Tests.swift; sourceTree = "<group>"; };
/* End PBXFileReference section */

/* Begin PBXFrameworksBuildPhase section */
		AE15E1C01E060DC2007E628E /* Frameworks */ = {
			isa = PBXFrameworksBuildPhase;
			buildActionMask = 2147483647;
			files = (
				AE15E2411E060FB3007E628E /* Outlaw.framework in Frameworks */,
			);
			runOnlyForDeploymentPostprocessing = 0;
		};
		AE15E1CA1E060DC2007E628E /* Frameworks */ = {
			isa = PBXFrameworksBuildPhase;
			buildActionMask = 2147483647;
			files = (
				AE15E2431E060FE6007E628E /* Outlaw.framework in Frameworks */,
				AE15E1CE1E060DC2007E628E /* OutlawSimd.framework in Frameworks */,
			);
			runOnlyForDeploymentPostprocessing = 0;
		};
/* End PBXFrameworksBuildPhase section */

/* Begin PBXGroup section */
		AE15E1BA1E060DC2007E628E = {
			isa = PBXGroup;
			children = (
				AE15E1C61E060DC2007E628E /* OutlawSimd */,
				AE15E1D11E060DC2007E628E /* OutlawSimdTests */,
				AE15E1C51E060DC2007E628E /* Products */,
				AE15E23F1E060FB3007E628E /* Frameworks */,
			);
			sourceTree = "<group>";
		};
		AE15E1C51E060DC2007E628E /* Products */ = {
			isa = PBXGroup;
			children = (
				AE15E1C41E060DC2007E628E /* OutlawSimd.framework */,
				AE15E1CD1E060DC2007E628E /* OutlawSimdTests.xctest */,
			);
			name = Products;
			sourceTree = "<group>";
		};
		AE15E1C61E060DC2007E628E /* OutlawSimd */ = {
			isa = PBXGroup;
			children = (
				AE15E1DE1E060E2D007E628E /* Sources */,
				AE15E1C71E060DC2007E628E /* OutlawSimd.h */,
				AE15E1C81E060DC2007E628E /* Info.plist */,
			);
			path = OutlawSimd;
			sourceTree = "<group>";
		};
		AE15E1D11E060DC2007E628E /* OutlawSimdTests */ = {
			isa = PBXGroup;
			children = (
				AE15E1D41E060DC2007E628E /* Info.plist */,
				AE15E2441E06179A007E628E /* int2Tests.swift */,
				AE89D3E41E0621E3003F5DE4 /* int3Tests.swift */,
				AE89D3E61E062292003F5DE4 /* int4Tests.swift */,
				AE89D3E81E06232B003F5DE4 /* uint2Tests.swift */,
				AE89D3EA1E062389003F5DE4 /* uint3Tests.swift */,
				AE89D3EC1E0623DC003F5DE4 /* uint4Tests.swift */,
				AE89D3EE1E062444003F5DE4 /* float2Tests.swift */,
				AE89D3F01E06249A003F5DE4 /* float3Tests.swift */,
				AE89D3F21E0624FB003F5DE4 /* float4Tests.swift */,
				AE89D3F41E06255F003F5DE4 /* double2Tests.swift */,
				AE89D3F61E0625AC003F5DE4 /* double3Tests.swift */,
				AE89D3F81E0625F3003F5DE4 /* double4Tests.swift */,
				AE89D3FA1E06266E003F5DE4 /* matrix_float2x2Tests.swift */,
				AE89D3FC1E0628F3003F5DE4 /* matrix_float3x2Tests.swift */,
				AE89D3FE1E062A18003F5DE4 /* matrix_float4x2Tests.swift */,
				AE89D4001E062B24003F5DE4 /* matrix_float2x3Tests.swift */,
				AE89D4021E062C14003F5DE4 /* matrix_float3x3Tests.swift */,
				AE89D4041E062D11003F5DE4 /* matrix_float4x3Tests.swift */,
				AE89D4061E062E43003F5DE4 /* matrix_float2x4Tests.swift */,
				AE89D4081E062FB0003F5DE4 /* matrix_float3x4Tests.swift */,
				AE89D40A1E063081003F5DE4 /* matrix_float4x4Tests.swift */,
				AE89D40C1E0634CC003F5DE4 /* matrix_double2x2Tests.swift */,
				AE89D40E1E063545003F5DE4 /* matrix_double3x2Tests.swift */,
				AE89D4101E0635DA003F5DE4 /* matrix_double4x2Tests.swift */,
				AE89D4121E063685003F5DE4 /* matrix_double2x3Tests.swift */,
				AE89D4141E0636FA003F5DE4 /* matrix_double3x3Tests.swift */,
				AE89D4161E063767003F5DE4 /* matrix_double4x3Tests.swift */,
				AE89D4181E0637FC003F5DE4 /* matrix_double2x4Tests.swift */,
				AE89D41A1E063863003F5DE4 /* matrix_double3x4Tests.swift */,
				AE89D41C1E0638E1003F5DE4 /* matrix_double4x4Tests.swift */,
				AE89D41E1E06397C003F5DE4 /* float2x2Tests.swift */,
				AE89D4201E063AA9003F5DE4 /* float3x2Tests.swift */,
				AE89D4221E063B9A003F5DE4 /* float4x2Tests.swift */,
				AE89D4241E063CA8003F5DE4 /* float2x3Tests.swift */,
				AE89D4261E063D9D003F5DE4 /* float3x3Tests.swift */,
				AE89D4281E063EBF003F5DE4 /* float4x3Tests.swift */,
				AE89D42A1E06400D003F5DE4 /* float2x4Tests.swift */,
				AE89D42C1E0640DF003F5DE4 /* float3x4Tests.swift */,
				AE89D42E1E0641F3003F5DE4 /* float4x4Tests.swift */,
				AE89D4301E0643AF003F5DE4 /* double2x2Tests.swift */,
				AE89D4321E0644D5003F5DE4 /* double3x2Tests.swift */,
				AE89D4341E0645D0003F5DE4 /* double4x2Tests.swift */,
				AE89D4361E0647F6003F5DE4 /* double2x3Tests.swift */,
				AE89D4381E0648A6003F5DE4 /* double3x3Tests.swift */,
				AE89D43A1E06498C003F5DE4 /* double4x3Tests.swift */,
				AE89D43C1E064B27003F5DE4 /* double2x4Tests.swift */,
				AE89D43E1E064C13003F5DE4 /* double3x4Tests.swift */,
				AE89D4401E064D52003F5DE4 /* double4x4Tests.swift */,
			);
			path = OutlawSimdTests;
			sourceTree = "<group>";
		};
		AE15E1DE1E060E2D007E628E /* Sources */ = {
			isa = PBXGroup;
			children = (
				AE15E1F71E060E2D007E628E /* int2+Outlaw.swift */,
				AE15E1F81E060E2D007E628E /* int3+Outlaw.swift */,
				AE15E1F91E060E2D007E628E /* int4+Outlaw.swift */,
				AE15E20C1E060E2D007E628E /* uint2+Outlaw.swift */,
				AE15E20D1E060E2D007E628E /* uint3+Outlaw.swift */,
				AE15E20E1E060E2D007E628E /* uint4+Outlaw.swift */,
				AE15E1EB1E060E2D007E628E /* float2+Outlaw.swift */,
				AE15E1EF1E060E2D007E628E /* float3+Outlaw.swift */,
				AE15E1F31E060E2D007E628E /* float4+Outlaw.swift */,
				AE15E1DF1E060E2D007E628E /* double2+Outlaw.swift */,
				AE15E1E31E060E2D007E628E /* double3+Outlaw.swift */,
				AE15E1E71E060E2D007E628E /* double4+Outlaw.swift */,
				AE15E2031E060E2D007E628E /* matrix_float2x2+Outlaw.swift */,
				AE15E2061E060E2D007E628E /* matrix_float3x2+Outlaw.swift */,
				AE15E2091E060E2D007E628E /* matrix_float4x2+Outlaw.swift */,
				AE15E2041E060E2D007E628E /* matrix_float2x3+Outlaw.swift */,
				AE15E2071E060E2D007E628E /* matrix_float3x3+Outlaw.swift */,
				AE15E20A1E060E2D007E628E /* matrix_float4x3+Outlaw.swift */,
				AE15E2051E060E2D007E628E /* matrix_float2x4+Outlaw.swift */,
				AE15E2081E060E2D007E628E /* matrix_float3x4+Outlaw.swift */,
				AE15E20B1E060E2D007E628E /* matrix_float4x4+Outlaw.swift */,
				AE15E1FA1E060E2D007E628E /* matrix_double2x2+Outlaw.swift */,
				AE15E1FD1E060E2D007E628E /* matrix_double3x2+Outlaw.swift */,
				AE15E2001E060E2D007E628E /* matrix_double4x2+Outlaw.swift */,
				AE15E1FB1E060E2D007E628E /* matrix_double2x3+Outlaw.swift */,
				AE15E1FE1E060E2D007E628E /* matrix_double3x3+Outlaw.swift */,
				AE15E2011E060E2D007E628E /* matrix_double4x3+Outlaw.swift */,
				AE15E1FC1E060E2D007E628E /* matrix_double2x4+Outlaw.swift */,
				AE15E1FF1E060E2D007E628E /* matrix_double3x4+Outlaw.swift */,
				AE15E2021E060E2D007E628E /* matrix_double4x4+Outlaw.swift */,
				AE15E1EC1E060E2D007E628E /* float2x2+Outlaw.swift */,
				AE15E1F01E060E2D007E628E /* float3x2+Outlaw.swift */,
				AE15E1F41E060E2D007E628E /* float4x2+Outlaw.swift */,
				AE15E1ED1E060E2D007E628E /* float2x3+Outlaw.swift */,
				AE15E1F11E060E2D007E628E /* float3x3+Outlaw.swift */,
				AE15E1F51E060E2D007E628E /* float4x3+Outlaw.swift */,
				AE15E1EE1E060E2D007E628E /* float2x4+Outlaw.swift */,
				AE15E1F21E060E2D007E628E /* float3x4+Outlaw.swift */,
				AE15E1F61E060E2D007E628E /* float4x4+Outlaw.swift */,
				AE15E1E01E060E2D007E628E /* double2x2+Outlaw.swift */,
				AE15E1E41E060E2D007E628E /* double3x2+Outlaw.swift */,
				AE15E1E81E060E2D007E628E /* double4x2+Outlaw.swift */,
				AE15E1E11E060E2D007E628E /* double2x3+Outlaw.swift */,
				AE15E1E51E060E2D007E628E /* double3x3+Outlaw.swift */,
				AE15E1E91E060E2D007E628E /* double4x3+Outlaw.swift */,
				AE15E1E21E060E2D007E628E /* double2x4+Outlaw.swift */,
				AE15E1E61E060E2D007E628E /* double3x4+Outlaw.swift */,
				AE15E1EA1E060E2D007E628E /* double4x4+Outlaw.swift */,
			);
			path = Sources;
			sourceTree = SOURCE_ROOT;
		};
		AE15E23F1E060FB3007E628E /* Frameworks */ = {
			isa = PBXGroup;
			children = (
				AE15E2421E060FE6007E628E /* Outlaw.framework */,
				AE15E2401E060FB3007E628E /* Outlaw.framework */,
			);
			name = Frameworks;
			sourceTree = "<group>";
		};
/* End PBXGroup section */

/* Begin PBXHeadersBuildPhase section */
		AE15E1C11E060DC2007E628E /* Headers */ = {
			isa = PBXHeadersBuildPhase;
			buildActionMask = 2147483647;
			files = (
				AE15E1D51E060DC2007E628E /* OutlawSimd.h in Headers */,
			);
			runOnlyForDeploymentPostprocessing = 0;
		};
/* End PBXHeadersBuildPhase section */

/* Begin PBXNativeTarget section */
		AE15E1C31E060DC2007E628E /* OutlawSimd */ = {
			isa = PBXNativeTarget;
			buildConfigurationList = AE15E1D81E060DC2007E628E /* Build configuration list for PBXNativeTarget "OutlawSimd" */;
			buildPhases = (
				AE15E1BF1E060DC2007E628E /* Sources */,
				AE15E1C01E060DC2007E628E /* Frameworks */,
				AE15E1C11E060DC2007E628E /* Headers */,
				AE15E1C21E060DC2007E628E /* Resources */,
			);
			buildRules = (
			);
			dependencies = (
			);
			name = OutlawSimd;
			productName = OutlawSimd;
			productReference = AE15E1C41E060DC2007E628E /* OutlawSimd.framework */;
			productType = "com.apple.product-type.framework";
		};
		AE15E1CC1E060DC2007E628E /* OutlawSimdTests */ = {
			isa = PBXNativeTarget;
			buildConfigurationList = AE15E1DB1E060DC2007E628E /* Build configuration list for PBXNativeTarget "OutlawSimdTests" */;
			buildPhases = (
				AE15E1C91E060DC2007E628E /* Sources */,
				AE15E1CA1E060DC2007E628E /* Frameworks */,
				AE15E1CB1E060DC2007E628E /* Resources */,
			);
			buildRules = (
			);
			dependencies = (
				AE15E1D01E060DC2007E628E /* PBXTargetDependency */,
			);
			name = OutlawSimdTests;
			productName = OutlawSimdTests;
			productReference = AE15E1CD1E060DC2007E628E /* OutlawSimdTests.xctest */;
			productType = "com.apple.product-type.bundle.unit-test";
		};
/* End PBXNativeTarget section */

/* Begin PBXProject section */
		AE15E1BB1E060DC2007E628E /* Project object */ = {
			isa = PBXProject;
			attributes = {
				LastSwiftUpdateCheck = 0820;
				LastUpgradeCheck = 0820;
				ORGANIZATIONNAME = "Molbie LLC";
				TargetAttributes = {
					AE15E1C31E060DC2007E628E = {
						CreatedOnToolsVersion = 8.2;
						DevelopmentTeam = PWN4RN68X5;
						ProvisioningStyle = Automatic;
					};
					AE15E1CC1E060DC2007E628E = {
						CreatedOnToolsVersion = 8.2;
						DevelopmentTeam = PWN4RN68X5;
						LastSwiftMigration = 0820;
						ProvisioningStyle = Automatic;
					};
				};
			};
			buildConfigurationList = AE15E1BE1E060DC2007E628E /* Build configuration list for PBXProject "OutlawSimd" */;
			compatibilityVersion = "Xcode 3.2";
			developmentRegion = English;
			hasScannedForEncodings = 0;
			knownRegions = (
				en,
			);
			mainGroup = AE15E1BA1E060DC2007E628E;
			productRefGroup = AE15E1C51E060DC2007E628E /* Products */;
			projectDirPath = "";
			projectRoot = "";
			targets = (
				AE15E1C31E060DC2007E628E /* OutlawSimd */,
				AE15E1CC1E060DC2007E628E /* OutlawSimdTests */,
			);
		};
/* End PBXProject section */

/* Begin PBXResourcesBuildPhase section */
		AE15E1C21E060DC2007E628E /* Resources */ = {
			isa = PBXResourcesBuildPhase;
			buildActionMask = 2147483647;
			files = (
			);
			runOnlyForDeploymentPostprocessing = 0;
		};
		AE15E1CB1E060DC2007E628E /* Resources */ = {
			isa = PBXResourcesBuildPhase;
			buildActionMask = 2147483647;
			files = (
			);
			runOnlyForDeploymentPostprocessing = 0;
		};
/* End PBXResourcesBuildPhase section */

/* Begin PBXSourcesBuildPhase section */
		AE15E1BF1E060DC2007E628E /* Sources */ = {
			isa = PBXSourcesBuildPhase;
			buildActionMask = 2147483647;
			files = (
				AE15E2221E060E2D007E628E /* float3x4+Outlaw.swift in Sources */,
				AE15E2391E060E2D007E628E /* matrix_float4x2+Outlaw.swift in Sources */,
				AE15E21F1E060E2D007E628E /* float3+Outlaw.swift in Sources */,
				AE15E2351E060E2D007E628E /* matrix_float2x4+Outlaw.swift in Sources */,
				AE15E2371E060E2D007E628E /* matrix_float3x3+Outlaw.swift in Sources */,
				AE15E22C1E060E2D007E628E /* matrix_double2x4+Outlaw.swift in Sources */,
				AE15E22D1E060E2D007E628E /* matrix_double3x2+Outlaw.swift in Sources */,
				AE15E2151E060E2D007E628E /* double3x3+Outlaw.swift in Sources */,
				AE15E2251E060E2D007E628E /* float4x3+Outlaw.swift in Sources */,
				AE15E2321E060E2D007E628E /* matrix_double4x4+Outlaw.swift in Sources */,
				AE15E2131E060E2D007E628E /* double3+Outlaw.swift in Sources */,
				AE15E22F1E060E2D007E628E /* matrix_double3x4+Outlaw.swift in Sources */,
				AE15E2161E060E2D007E628E /* double3x4+Outlaw.swift in Sources */,
				AE15E2111E060E2D007E628E /* double2x3+Outlaw.swift in Sources */,
				AE15E2171E060E2D007E628E /* double4+Outlaw.swift in Sources */,
				AE15E23D1E060E2D007E628E /* uint3+Outlaw.swift in Sources */,
				AE15E2241E060E2D007E628E /* float4x2+Outlaw.swift in Sources */,
				AE15E22B1E060E2D007E628E /* matrix_double2x3+Outlaw.swift in Sources */,
				AE15E22E1E060E2D007E628E /* matrix_double3x3+Outlaw.swift in Sources */,
				AE15E2121E060E2D007E628E /* double2x4+Outlaw.swift in Sources */,
				AE15E2311E060E2D007E628E /* matrix_double4x3+Outlaw.swift in Sources */,
				AE15E22A1E060E2D007E628E /* matrix_double2x2+Outlaw.swift in Sources */,
				AE15E20F1E060E2D007E628E /* double2+Outlaw.swift in Sources */,
				AE15E2201E060E2D007E628E /* float3x2+Outlaw.swift in Sources */,
				AE15E23E1E060E2D007E628E /* uint4+Outlaw.swift in Sources */,
				AE15E23A1E060E2D007E628E /* matrix_float4x3+Outlaw.swift in Sources */,
				AE15E2361E060E2D007E628E /* matrix_float3x2+Outlaw.swift in Sources */,
				AE15E2181E060E2D007E628E /* double4x2+Outlaw.swift in Sources */,
				AE15E23C1E060E2D007E628E /* uint2+Outlaw.swift in Sources */,
				AE15E2341E060E2D007E628E /* matrix_float2x3+Outlaw.swift in Sources */,
				AE15E2261E060E2D007E628E /* float4x4+Outlaw.swift in Sources */,
				AE15E2231E060E2D007E628E /* float4+Outlaw.swift in Sources */,
				AE15E2381E060E2D007E628E /* matrix_float3x4+Outlaw.swift in Sources */,
				AE15E21D1E060E2D007E628E /* float2x3+Outlaw.swift in Sources */,
				AE15E2301E060E2D007E628E /* matrix_double4x2+Outlaw.swift in Sources */,
				AE15E2331E060E2D007E628E /* matrix_float2x2+Outlaw.swift in Sources */,
				AE15E2271E060E2D007E628E /* int2+Outlaw.swift in Sources */,
				AE15E2141E060E2D007E628E /* double3x2+Outlaw.swift in Sources */,
				AE15E21C1E060E2D007E628E /* float2x2+Outlaw.swift in Sources */,
				AE15E23B1E060E2D007E628E /* matrix_float4x4+Outlaw.swift in Sources */,
				AE15E2211E060E2D007E628E /* float3x3+Outlaw.swift in Sources */,
				AE15E21E1E060E2D007E628E /* float2x4+Outlaw.swift in Sources */,
				AE15E21B1E060E2D007E628E /* float2+Outlaw.swift in Sources */,
				AE15E2101E060E2D007E628E /* double2x2+Outlaw.swift in Sources */,
				AE15E2281E060E2D007E628E /* int3+Outlaw.swift in Sources */,
				AE15E2191E060E2D007E628E /* double4x3+Outlaw.swift in Sources */,
				AE15E21A1E060E2D007E628E /* double4x4+Outlaw.swift in Sources */,
				AE15E2291E060E2D007E628E /* int4+Outlaw.swift in Sources */,
			);
			runOnlyForDeploymentPostprocessing = 0;
		};
		AE15E1C91E060DC2007E628E /* Sources */ = {
			isa = PBXSourcesBuildPhase;
			buildActionMask = 2147483647;
			files = (
				AE89D42B1E06400D003F5DE4 /* float2x4Tests.swift in Sources */,
				AE89D4311E0643AF003F5DE4 /* double2x2Tests.swift in Sources */,
				AE89D3F31E0624FB003F5DE4 /* float4Tests.swift in Sources */,
				AE89D4091E062FB0003F5DE4 /* matrix_float3x4Tests.swift in Sources */,
				AE89D4231E063B9A003F5DE4 /* float4x2Tests.swift in Sources */,
				AE89D41F1E06397C003F5DE4 /* float2x2Tests.swift in Sources */,
				AE89D4251E063CA8003F5DE4 /* float2x3Tests.swift in Sources */,
				AE89D42F1E0641F3003F5DE4 /* float4x4Tests.swift in Sources */,
				AE89D41D1E0638E1003F5DE4 /* matrix_double4x4Tests.swift in Sources */,
				AE89D3F11E06249A003F5DE4 /* float3Tests.swift in Sources */,
				AE89D3EF1E062444003F5DE4 /* float2Tests.swift in Sources */,
				AE89D3F71E0625AC003F5DE4 /* double3Tests.swift in Sources */,
				AE89D3F51E06255F003F5DE4 /* double2Tests.swift in Sources */,
				AE89D4411E064D52003F5DE4 /* double4x4Tests.swift in Sources */,
				AE89D4111E0635DA003F5DE4 /* matrix_double4x2Tests.swift in Sources */,
				AE89D4171E063767003F5DE4 /* matrix_double4x3Tests.swift in Sources */,
				AE89D4131E063685003F5DE4 /* matrix_double2x3Tests.swift in Sources */,
				AE89D3FD1E0628F3003F5DE4 /* matrix_float3x2Tests.swift in Sources */,
				AE89D3E91E06232B003F5DE4 /* uint2Tests.swift in Sources */,
				AE89D3FF1E062A18003F5DE4 /* matrix_float4x2Tests.swift in Sources */,
				AE89D3E71E062292003F5DE4 /* int4Tests.swift in Sources */,
				AE89D40D1E0634CC003F5DE4 /* matrix_double2x2Tests.swift in Sources */,
				AE89D4191E0637FC003F5DE4 /* matrix_double2x4Tests.swift in Sources */,
				AE89D4331E0644D5003F5DE4 /* double3x2Tests.swift in Sources */,
				AE89D43D1E064B27003F5DE4 /* double2x4Tests.swift in Sources */,
				AE89D4071E062E43003F5DE4 /* matrix_float2x4Tests.swift in Sources */,
				AE89D3FB1E06266E003F5DE4 /* matrix_float2x2Tests.swift in Sources */,
				AE89D4351E0645D0003F5DE4 /* double4x2Tests.swift in Sources */,
				AE89D3ED1E0623DC003F5DE4 /* uint4Tests.swift in Sources */,
				AE89D43F1E064C13003F5DE4 /* double3x4Tests.swift in Sources */,
				AE89D4371E0647F6003F5DE4 /* double2x3Tests.swift in Sources */,
				AE89D43B1E06498C003F5DE4 /* double4x3Tests.swift in Sources */,
				AE89D4291E063EBF003F5DE4 /* float4x3Tests.swift in Sources */,
				AE89D4211E063AA9003F5DE4 /* float3x2Tests.swift in Sources */,
				AE89D4151E0636FA003F5DE4 /* matrix_double3x3Tests.swift in Sources */,
				AE89D4391E0648A6003F5DE4 /* double3x3Tests.swift in Sources */,
				AE89D4271E063D9D003F5DE4 /* float3x3Tests.swift in Sources */,
				AE89D41B1E063863003F5DE4 /* matrix_double3x4Tests.swift in Sources */,
				AE15E2451E06179A007E628E /* int2Tests.swift in Sources */,
				AE89D4031E062C14003F5DE4 /* matrix_float3x3Tests.swift in Sources */,
				AE89D4051E062D11003F5DE4 /* matrix_float4x3Tests.swift in Sources */,
				AE89D3EB1E062389003F5DE4 /* uint3Tests.swift in Sources */,
				AE89D40F1E063545003F5DE4 /* matrix_double3x2Tests.swift in Sources */,
				AE89D40B1E063081003F5DE4 /* matrix_float4x4Tests.swift in Sources */,
				AE89D3E51E0621E3003F5DE4 /* int3Tests.swift in Sources */,
				AE89D3F91E0625F3003F5DE4 /* double4Tests.swift in Sources */,
				AE89D42D1E0640DF003F5DE4 /* float3x4Tests.swift in Sources */,
				AE89D4011E062B24003F5DE4 /* matrix_float2x3Tests.swift in Sources */,
			);
			runOnlyForDeploymentPostprocessing = 0;
		};
/* End PBXSourcesBuildPhase section */

/* Begin PBXTargetDependency section */
		AE15E1D01E060DC2007E628E /* PBXTargetDependency */ = {
			isa = PBXTargetDependency;
			target = AE15E1C31E060DC2007E628E /* OutlawSimd */;
			targetProxy = AE15E1CF1E060DC2007E628E /* PBXContainerItemProxy */;
		};
/* End PBXTargetDependency section */

/* Begin XCBuildConfiguration section */
		AE15E1D61E060DC2007E628E /* Debug */ = {
			isa = XCBuildConfiguration;
			buildSettings = {
				ALWAYS_SEARCH_USER_PATHS = NO;
				CLANG_ANALYZER_NONNULL = YES;
				CLANG_CXX_LANGUAGE_STANDARD = "gnu++0x";
				CLANG_CXX_LIBRARY = "libc++";
				CLANG_ENABLE_MODULES = YES;
				CLANG_ENABLE_OBJC_ARC = YES;
				CLANG_WARN_BOOL_CONVERSION = YES;
				CLANG_WARN_CONSTANT_CONVERSION = YES;
				CLANG_WARN_DIRECT_OBJC_ISA_USAGE = YES_ERROR;
				CLANG_WARN_DOCUMENTATION_COMMENTS = YES;
				CLANG_WARN_EMPTY_BODY = YES;
				CLANG_WARN_ENUM_CONVERSION = YES;
				CLANG_WARN_INFINITE_RECURSION = YES;
				CLANG_WARN_INT_CONVERSION = YES;
				CLANG_WARN_OBJC_ROOT_CLASS = YES_ERROR;
				CLANG_WARN_SUSPICIOUS_MOVE = YES;
				CLANG_WARN_UNREACHABLE_CODE = YES;
				CLANG_WARN__DUPLICATE_METHOD_MATCH = YES;
				"CODE_SIGN_IDENTITY[sdk=iphoneos*]" = "iPhone Developer";
				COPY_PHASE_STRIP = NO;
				CURRENT_PROJECT_VERSION = 1;
				DEBUG_INFORMATION_FORMAT = dwarf;
				ENABLE_STRICT_OBJC_MSGSEND = YES;
				ENABLE_TESTABILITY = YES;
				GCC_C_LANGUAGE_STANDARD = gnu99;
				GCC_DYNAMIC_NO_PIC = NO;
				GCC_NO_COMMON_BLOCKS = YES;
				GCC_OPTIMIZATION_LEVEL = 0;
				GCC_PREPROCESSOR_DEFINITIONS = (
					"DEBUG=1",
					"$(inherited)",
				);
				GCC_WARN_64_TO_32_BIT_CONVERSION = YES;
				GCC_WARN_ABOUT_RETURN_TYPE = YES_ERROR;
				GCC_WARN_UNDECLARED_SELECTOR = YES;
				GCC_WARN_UNINITIALIZED_AUTOS = YES_AGGRESSIVE;
				GCC_WARN_UNUSED_FUNCTION = YES;
				GCC_WARN_UNUSED_VARIABLE = YES;
				IPHONEOS_DEPLOYMENT_TARGET = 8.0;
				MACOSX_DEPLOYMENT_TARGET = 10.9;
				MTL_ENABLE_DEBUG_INFO = YES;
				ONLY_ACTIVE_ARCH = YES;
				SDKROOT = iphoneos;
				SUPPORTED_PLATFORMS = "iphonesimulator iphoneos macosx appletvsimulator appletvos watchsimulator watchos";
				SWIFT_ACTIVE_COMPILATION_CONDITIONS = DEBUG;
				SWIFT_OPTIMIZATION_LEVEL = "-Onone";
				TARGETED_DEVICE_FAMILY = "1,2,3,4";
				TVOS_DEPLOYMENT_TARGET = 9.0;
				VALID_ARCHS = "arm64 armv7 armv7s x86_64 i386 armv7k";
				VERSIONING_SYSTEM = "apple-generic";
				VERSION_INFO_PREFIX = "";
				WATCHOS_DEPLOYMENT_TARGET = 2.0;
			};
			name = Debug;
		};
		AE15E1D71E060DC2007E628E /* Release */ = {
			isa = XCBuildConfiguration;
			buildSettings = {
				ALWAYS_SEARCH_USER_PATHS = NO;
				CLANG_ANALYZER_NONNULL = YES;
				CLANG_CXX_LANGUAGE_STANDARD = "gnu++0x";
				CLANG_CXX_LIBRARY = "libc++";
				CLANG_ENABLE_MODULES = YES;
				CLANG_ENABLE_OBJC_ARC = YES;
				CLANG_WARN_BOOL_CONVERSION = YES;
				CLANG_WARN_CONSTANT_CONVERSION = YES;
				CLANG_WARN_DIRECT_OBJC_ISA_USAGE = YES_ERROR;
				CLANG_WARN_DOCUMENTATION_COMMENTS = YES;
				CLANG_WARN_EMPTY_BODY = YES;
				CLANG_WARN_ENUM_CONVERSION = YES;
				CLANG_WARN_INFINITE_RECURSION = YES;
				CLANG_WARN_INT_CONVERSION = YES;
				CLANG_WARN_OBJC_ROOT_CLASS = YES_ERROR;
				CLANG_WARN_SUSPICIOUS_MOVE = YES;
				CLANG_WARN_UNREACHABLE_CODE = YES;
				CLANG_WARN__DUPLICATE_METHOD_MATCH = YES;
				"CODE_SIGN_IDENTITY[sdk=iphoneos*]" = "iPhone Developer";
				COPY_PHASE_STRIP = NO;
				CURRENT_PROJECT_VERSION = 1;
				DEBUG_INFORMATION_FORMAT = "dwarf-with-dsym";
				ENABLE_NS_ASSERTIONS = NO;
				ENABLE_STRICT_OBJC_MSGSEND = YES;
				GCC_C_LANGUAGE_STANDARD = gnu99;
				GCC_NO_COMMON_BLOCKS = YES;
				GCC_WARN_64_TO_32_BIT_CONVERSION = YES;
				GCC_WARN_ABOUT_RETURN_TYPE = YES_ERROR;
				GCC_WARN_UNDECLARED_SELECTOR = YES;
				GCC_WARN_UNINITIALIZED_AUTOS = YES_AGGRESSIVE;
				GCC_WARN_UNUSED_FUNCTION = YES;
				GCC_WARN_UNUSED_VARIABLE = YES;
				IPHONEOS_DEPLOYMENT_TARGET = 8.0;
				MACOSX_DEPLOYMENT_TARGET = 10.9;
				MTL_ENABLE_DEBUG_INFO = NO;
				SDKROOT = iphoneos;
				SUPPORTED_PLATFORMS = "iphonesimulator iphoneos macosx appletvsimulator appletvos watchsimulator watchos";
				SWIFT_OPTIMIZATION_LEVEL = "-Owholemodule";
				TARGETED_DEVICE_FAMILY = "1,2,3,4";
				TVOS_DEPLOYMENT_TARGET = 9.0;
				VALIDATE_PRODUCT = YES;
				VALID_ARCHS = "arm64 armv7 armv7s x86_64 i386 armv7k";
				VERSIONING_SYSTEM = "apple-generic";
				VERSION_INFO_PREFIX = "";
				WATCHOS_DEPLOYMENT_TARGET = 2.0;
			};
			name = Release;
		};
		AE15E1D91E060DC2007E628E /* Debug */ = {
			isa = XCBuildConfiguration;
			buildSettings = {
				CODE_SIGN_IDENTITY = "";
				DEFINES_MODULE = YES;
				DEVELOPMENT_TEAM = PWN4RN68X5;
				DYLIB_COMPATIBILITY_VERSION = 1;
				DYLIB_CURRENT_VERSION = 1;
				DYLIB_INSTALL_NAME_BASE = "@rpath";
				INFOPLIST_FILE = OutlawSimd/Info.plist;
				INSTALL_PATH = "$(LOCAL_LIBRARY_DIR)/Frameworks";
				LD_RUNPATH_SEARCH_PATHS = "$(inherited) @executable_path/Frameworks @loader_path/Frameworks";
				PRODUCT_BUNDLE_IDENTIFIER = com.molbie.OutlawSimd;
				PRODUCT_NAME = "$(TARGET_NAME)";
				SKIP_INSTALL = YES;
				SWIFT_VERSION = 3.0;
			};
			name = Debug;
		};
		AE15E1DA1E060DC2007E628E /* Release */ = {
			isa = XCBuildConfiguration;
			buildSettings = {
				CODE_SIGN_IDENTITY = "";
				DEFINES_MODULE = YES;
				DEVELOPMENT_TEAM = PWN4RN68X5;
				DYLIB_COMPATIBILITY_VERSION = 1;
				DYLIB_CURRENT_VERSION = 1;
				DYLIB_INSTALL_NAME_BASE = "@rpath";
				INFOPLIST_FILE = OutlawSimd/Info.plist;
				INSTALL_PATH = "$(LOCAL_LIBRARY_DIR)/Frameworks";
				LD_RUNPATH_SEARCH_PATHS = "$(inherited) @executable_path/Frameworks @loader_path/Frameworks";
				PRODUCT_BUNDLE_IDENTIFIER = com.molbie.OutlawSimd;
				PRODUCT_NAME = "$(TARGET_NAME)";
				SKIP_INSTALL = YES;
				SWIFT_VERSION = 3.0;
			};
			name = Release;
		};
		AE15E1DC1E060DC2007E628E /* Debug */ = {
			isa = XCBuildConfiguration;
			buildSettings = {
				ALWAYS_EMBED_SWIFT_STANDARD_LIBRARIES = YES;
				CLANG_ENABLE_MODULES = YES;
				DEVELOPMENT_TEAM = PWN4RN68X5;
				INFOPLIST_FILE = OutlawSimdTests/Info.plist;
				LD_RUNPATH_SEARCH_PATHS = "$(inherited) @loader_path/Frameworks @executable_path/Frameworks @loader_path/../Frameworks @executable_path/../Frameworks";
				PRODUCT_BUNDLE_IDENTIFIER = com.molbie.OutlawSimdTests;
				PRODUCT_NAME = "$(TARGET_NAME)";
				SWIFT_OPTIMIZATION_LEVEL = "-Onone";
				SWIFT_VERSION = 3.0;
			};
			name = Debug;
		};
		AE15E1DD1E060DC2007E628E /* Release */ = {
			isa = XCBuildConfiguration;
			buildSettings = {
				ALWAYS_EMBED_SWIFT_STANDARD_LIBRARIES = YES;
				CLANG_ENABLE_MODULES = YES;
				DEVELOPMENT_TEAM = PWN4RN68X5;
				INFOPLIST_FILE = OutlawSimdTests/Info.plist;
				LD_RUNPATH_SEARCH_PATHS = "$(inherited) @loader_path/Frameworks @executable_path/Frameworks @loader_path/../Frameworks @executable_path/../Frameworks";
				PRODUCT_BUNDLE_IDENTIFIER = com.molbie.OutlawSimdTests;
				PRODUCT_NAME = "$(TARGET_NAME)";
				SWIFT_VERSION = 3.0;
			};
			name = Release;
		};
/* End XCBuildConfiguration section */

/* Begin XCConfigurationList section */
		AE15E1BE1E060DC2007E628E /* Build configuration list for PBXProject "OutlawSimd" */ = {
			isa = XCConfigurationList;
			buildConfigurations = (
				AE15E1D61E060DC2007E628E /* Debug */,
				AE15E1D71E060DC2007E628E /* Release */,
			);
			defaultConfigurationIsVisible = 0;
			defaultConfigurationName = Release;
		};
		AE15E1D81E060DC2007E628E /* Build configuration list for PBXNativeTarget "OutlawSimd" */ = {
			isa = XCConfigurationList;
			buildConfigurations = (
				AE15E1D91E060DC2007E628E /* Debug */,
				AE15E1DA1E060DC2007E628E /* Release */,
			);
			defaultConfigurationIsVisible = 0;
			defaultConfigurationName = Release;
		};
		AE15E1DB1E060DC2007E628E /* Build configuration list for PBXNativeTarget "OutlawSimdTests" */ = {
			isa = XCConfigurationList;
			buildConfigurations = (
				AE15E1DC1E060DC2007E628E /* Debug */,
				AE15E1DD1E060DC2007E628E /* Release */,
			);
			defaultConfigurationIsVisible = 0;
			defaultConfigurationName = Release;
		};
/* End XCConfigurationList section */
	};
	rootObject = AE15E1BB1E060DC2007E628E /* Project object */;
}
